
Microsoft Visual Studio Solution File, Format Version 12.00
# Visual Studio Version 16
VisualStudioVersion = 16.0.33328.57
MinimumVisualStudioVersion = 10.0.40219.1
Project("{F184B08F-C81C-45F6-A57F-5ABD9991F28F}") = "fase3_cristianneita", "fase3_cristianneita\fase3_cristianneita.vbproj", "{CD8E53D2-B177-494B-AE08-1CEEF98E43D7}"
EndProject
Project("{F184B08F-C81C-45F6-A57F-5ABD9991F28F}") = "BLL", "BLL\BLL.vbproj", "{B75E0D90-66DF-439E-A87E-D85420D4F737}"
EndProject
Project("{F184B08F-C81C-45F6-A57F-5ABD9991F28F}") = "DAL", "DAL\DAL.vbproj", "{15D3B162-9914-4ABD-B404-ADC909BCC762}"
EndProject
Project("{F184B08F-C81C-45F6-A57F-5ABD9991F28F}") = "LayerEntity", "LayerEntity\LayerEntity.vbproj", "{41054598-E177-4D8A-88F6-311A53A1D85D}"
EndProject
Global
	GlobalSection(SolutionConfigurationPlatforms) = preSolution
		Debug|Any CPU = Debug|Any CPU
		Release|Any CPU = Release|Any CPU
	EndGlobalSection
	GlobalSection(ProjectConfigurationPlatforms) = postSolution
		{CD8E53D2-B177-494B-AE08-1CEEF98E43D7}.Debug|Any CPU.ActiveCfg = Debug|Any CPU
		{CD8E53D2-B177-494B-AE08-1CEEF98E43D7}.Debug|Any CPU.Build.0 = Debug|Any CPU
		{CD8E53D2-B177-494B-AE08-1CEEF98E43D7}.Release|Any CPU.ActiveCfg = Release|Any CPU
		{CD8E53D2-B177-494B-AE08-1CEEF98E43D7}.Release|Any CPU.Build.0 = Release|Any CPU
		{B75E0D90-66DF-439E-A87E-D85420D4F737}.Debug|Any CPU.ActiveCfg = Debug|Any CPU
		{B75E0D90-66DF-439E-A87E-D85420D4F737}.Debug|Any CPU.Build.0 = Debug|Any CPU
		{B75E0D90-66DF-439E-A87E-D85420D4F737}.Release|Any CPU.ActiveCfg = Release|Any CPU
		{B75E0D90-66DF-439E-A87E-D85420D4F737}.Release|Any CPU.Build.0 = Release|Any CPU
		{15D3B162-9914-4ABD-B404-ADC909BCC762}.Debug|Any CPU.ActiveCfg = Debug|Any CPU
		{15D3B162-9914-4ABD-B404-ADC909BCC762}.Debug|Any CPU.Build.0 = Debug|Any CPU
		{15D3B162-9914-4ABD-B404-ADC909BCC762}.Release|Any CPU.ActiveCfg = Release|Any CPU
		{15D3B162-9914-4ABD-B404-ADC909BCC762}.Release|Any CPU.Build.0 = Release|Any CPU
		{41054598-E177-4D8A-88F6-311A53A1D85D}.Debug|Any CPU.ActiveCfg = Debug|Any CPU
		{41054598-E177-4D8A-88F6-311A53A1D85D}.Debug|Any CPU.Build.0 = Debug|Any CPU
		{41054598-E177-4D8A-88F6-311A53A1D85D}.Release|Any CPU.ActiveCfg = Release|Any CPU
		{41054598-E177-4D8A-88F6-311A53A1D85D}.Release|Any CPU.Build.0 = Release|Any CPU
	EndGlobalSection
	GlobalSection(SolutionProperties) = preSolution
		HideSolutionNode = FALSE
	EndGlobalSection
	GlobalSection(ExtensibilityGlobals) = postSolution
		SolutionGuid = {8E0A9B54-A4AC-4C07-98EE-B2B298338C95}
	EndGlobalSection
EndGlobal
